// !$*UTF8*$!
{
	archiveVersion = 1;
	classes = {
	};
	objectVersion = 55;
	objects = {

/* Begin PBXBuildFile section */
		B40C6FE927FCC8F1005D9B61 /* DestinationDetailOutput.swift in Sources */ = {isa = PBXBuildFile; fileRef = B40C6FDF27FCC8F1005D9B61 /* DestinationDetailOutput.swift */; };
		B40C6FEA27FCC8F1005D9B61 /* DestinationDetailViewControllerProtocol.swift in Sources */ = {isa = PBXBuildFile; fileRef = B40C6FE027FCC8F1005D9B61 /* DestinationDetailViewControllerProtocol.swift */; };
		B40C6FEB27FCC8F1005D9B61 /* DestinationDetailBuilder.swift in Sources */ = {isa = PBXBuildFile; fileRef = B40C6FE127FCC8F1005D9B61 /* DestinationDetailBuilder.swift */; };
		B40C6FEC27FCC8F1005D9B61 /* DestinationDetailDataManagerProtocol.swift in Sources */ = {isa = PBXBuildFile; fileRef = B40C6FE227FCC8F1005D9B61 /* DestinationDetailDataManagerProtocol.swift */; };
		B40C6FED27FCC8F1005D9B61 /* DestinationDetailViewController.swift in Sources */ = {isa = PBXBuildFile; fileRef = B40C6FE327FCC8F1005D9B61 /* DestinationDetailViewController.swift */; };
		B40C6FEE27FCC8F1005D9B61 /* DestinationDetailInteractor.swift in Sources */ = {isa = PBXBuildFile; fileRef = B40C6FE427FCC8F1005D9B61 /* DestinationDetailInteractor.swift */; };
		B40C6FEF27FCC8F1005D9B61 /* DestinationDetailDataManager.swift in Sources */ = {isa = PBXBuildFile; fileRef = B40C6FE527FCC8F1005D9B61 /* DestinationDetailDataManager.swift */; };
		B40C6FF027FCC8F1005D9B61 /* DestinationDetailPresenterProtocol.swift in Sources */ = {isa = PBXBuildFile; fileRef = B40C6FE627FCC8F1005D9B61 /* DestinationDetailPresenterProtocol.swift */; };
		B40C6FF127FCC8F1005D9B61 /* DestinationDetailInteractorProtocol.swift in Sources */ = {isa = PBXBuildFile; fileRef = B40C6FE727FCC8F1005D9B61 /* DestinationDetailInteractorProtocol.swift */; };
		B40C6FF227FCC8F1005D9B61 /* DestinationDetailPresenter.swift in Sources */ = {isa = PBXBuildFile; fileRef = B40C6FE827FCC8F1005D9B61 /* DestinationDetailPresenter.swift */; };
		B49D2A7427FB7C82006C5631 /* AppDelegate.swift in Sources */ = {isa = PBXBuildFile; fileRef = B49D2A7327FB7C82006C5631 /* AppDelegate.swift */; };
		B49D2A7627FB7C82006C5631 /* SceneDelegate.swift in Sources */ = {isa = PBXBuildFile; fileRef = B49D2A7527FB7C82006C5631 /* SceneDelegate.swift */; };
		B49D2A7827FB7C82006C5631 /* ViewController.swift in Sources */ = {isa = PBXBuildFile; fileRef = B49D2A7727FB7C82006C5631 /* ViewController.swift */; };
		B49D2A7D27FB7C85006C5631 /* Assets.xcassets in Resources */ = {isa = PBXBuildFile; fileRef = B49D2A7C27FB7C85006C5631 /* Assets.xcassets */; };
		B49D2A8027FB7C85006C5631 /* LaunchScreen.storyboard in Resources */ = {isa = PBXBuildFile; fileRef = B49D2A7E27FB7C85006C5631 /* LaunchScreen.storyboard */; };
		B49D2A8927FB8277006C5631 /* Coordinator.swift in Sources */ = {isa = PBXBuildFile; fileRef = B49D2A8827FB8277006C5631 /* Coordinator.swift */; };
		B49D2AB327FB83BB006C5631 /* ListOutput.swift in Sources */ = {isa = PBXBuildFile; fileRef = B49D2AA927FB83BA006C5631 /* ListOutput.swift */; };
		B49D2AB427FB83BB006C5631 /* ListBuilder.swift in Sources */ = {isa = PBXBuildFile; fileRef = B49D2AAA27FB83BA006C5631 /* ListBuilder.swift */; };
		B49D2AB527FB83BB006C5631 /* ListInteractor.swift in Sources */ = {isa = PBXBuildFile; fileRef = B49D2AAB27FB83BA006C5631 /* ListInteractor.swift */; };
		B49D2AB627FB83BB006C5631 /* ListInteractorProtocol.swift in Sources */ = {isa = PBXBuildFile; fileRef = B49D2AAC27FB83BB006C5631 /* ListInteractorProtocol.swift */; };
		B49D2AB727FB83BB006C5631 /* ListPresenter.swift in Sources */ = {isa = PBXBuildFile; fileRef = B49D2AAD27FB83BB006C5631 /* ListPresenter.swift */; };
		B49D2AB827FB83BB006C5631 /* ListPresenterProtocol.swift in Sources */ = {isa = PBXBuildFile; fileRef = B49D2AAE27FB83BB006C5631 /* ListPresenterProtocol.swift */; };
		B49D2AB927FB83BB006C5631 /* ListDataManagerProtocol.swift in Sources */ = {isa = PBXBuildFile; fileRef = B49D2AAF27FB83BB006C5631 /* ListDataManagerProtocol.swift */; };
		B49D2ABA27FB83BB006C5631 /* ListDataManager.swift in Sources */ = {isa = PBXBuildFile; fileRef = B49D2AB027FB83BB006C5631 /* ListDataManager.swift */; };
		B49D2ABB27FB83BB006C5631 /* ListViewController.swift in Sources */ = {isa = PBXBuildFile; fileRef = B49D2AB127FB83BB006C5631 /* ListViewController.swift */; };
		B49D2ABC27FB83BB006C5631 /* ListViewControllerProtocol.swift in Sources */ = {isa = PBXBuildFile; fileRef = B49D2AB227FB83BB006C5631 /* ListViewControllerProtocol.swift */; };
		B49D2ABF27FB843F006C5631 /* Builder.swift in Sources */ = {isa = PBXBuildFile; fileRef = B49D2ABE27FB843F006C5631 /* Builder.swift */; };
		B49D2AC227FB846D006C5631 /* MainCoordinator.swift in Sources */ = {isa = PBXBuildFile; fileRef = B49D2AC127FB846D006C5631 /* MainCoordinator.swift */; };
		B49D2AC527FB882C006C5631 /* Destinations.swift in Sources */ = {isa = PBXBuildFile; fileRef = B49D2AC427FB882C006C5631 /* Destinations.swift */; };
		B49D2ACA27FB88C2006C5631 /* ListCell.swift in Sources */ = {isa = PBXBuildFile; fileRef = B49D2AC927FB88C2006C5631 /* ListCell.swift */; };
		B49D2ACE27FB894A006C5631 /* Endpoint.swift in Sources */ = {isa = PBXBuildFile; fileRef = B49D2ACD27FB894A006C5631 /* Endpoint.swift */; };
		B49D2AD027FB897A006C5631 /* ServiceProxy.swift in Sources */ = {isa = PBXBuildFile; fileRef = B49D2ACF27FB897A006C5631 /* ServiceProxy.swift */; };
		B49D2AD227FB8FDC006C5631 /* UIImageViewExtensions.swift in Sources */ = {isa = PBXBuildFile; fileRef = B49D2AD127FB8FDC006C5631 /* UIImageViewExtensions.swift */; };
		B49D2AD427FC0E49006C5631 /* Loader.swift in Sources */ = {isa = PBXBuildFile; fileRef = B49D2AD327FC0E49006C5631 /* Loader.swift */; };
/* End PBXBuildFile section */

/* Begin PBXFileReference section */
		B40C6FDF27FCC8F1005D9B61 /* DestinationDetailOutput.swift */ = {isa = PBXFileReference; fileEncoding = 4; lastKnownFileType = sourcecode.swift; path = DestinationDetailOutput.swift; sourceTree = "<group>"; };
		B40C6FE027FCC8F1005D9B61 /* DestinationDetailViewControllerProtocol.swift */ = {isa = PBXFileReference; fileEncoding = 4; lastKnownFileType = sourcecode.swift; path = DestinationDetailViewControllerProtocol.swift; sourceTree = "<group>"; };
		B40C6FE127FCC8F1005D9B61 /* DestinationDetailBuilder.swift */ = {isa = PBXFileReference; fileEncoding = 4; lastKnownFileType = sourcecode.swift; path = DestinationDetailBuilder.swift; sourceTree = "<group>"; };
		B40C6FE227FCC8F1005D9B61 /* DestinationDetailDataManagerProtocol.swift */ = {isa = PBXFileReference; fileEncoding = 4; lastKnownFileType = sourcecode.swift; path = DestinationDetailDataManagerProtocol.swift; sourceTree = "<group>"; };
		B40C6FE327FCC8F1005D9B61 /* DestinationDetailViewController.swift */ = {isa = PBXFileReference; fileEncoding = 4; lastKnownFileType = sourcecode.swift; path = DestinationDetailViewController.swift; sourceTree = "<group>"; };
		B40C6FE427FCC8F1005D9B61 /* DestinationDetailInteractor.swift */ = {isa = PBXFileReference; fileEncoding = 4; lastKnownFileType = sourcecode.swift; path = DestinationDetailInteractor.swift; sourceTree = "<group>"; };
		B40C6FE527FCC8F1005D9B61 /* DestinationDetailDataManager.swift */ = {isa = PBXFileReference; fileEncoding = 4; lastKnownFileType = sourcecode.swift; path = DestinationDetailDataManager.swift; sourceTree = "<group>"; };
		B40C6FE627FCC8F1005D9B61 /* DestinationDetailPresenterProtocol.swift */ = {isa = PBXFileReference; fileEncoding = 4; lastKnownFileType = sourcecode.swift; path = DestinationDetailPresenterProtocol.swift; sourceTree = "<group>"; };
		B40C6FE727FCC8F1005D9B61 /* DestinationDetailInteractorProtocol.swift */ = {isa = PBXFileReference; fileEncoding = 4; lastKnownFileType = sourcecode.swift; path = DestinationDetailInteractorProtocol.swift; sourceTree = "<group>"; };
		B40C6FE827FCC8F1005D9B61 /* DestinationDetailPresenter.swift */ = {isa = PBXFileReference; fileEncoding = 4; lastKnownFileType = sourcecode.swift; path = DestinationDetailPresenter.swift; sourceTree = "<group>"; };
		B49D2A7027FB7C82006C5631 /* PruebaTecnica.app */ = {isa = PBXFileReference; explicitFileType = wrapper.application; includeInIndex = 0; path = PruebaTecnica.app; sourceTree = BUILT_PRODUCTS_DIR; };
		B49D2A7327FB7C82006C5631 /* AppDelegate.swift */ = {isa = PBXFileReference; lastKnownFileType = sourcecode.swift; path = AppDelegate.swift; sourceTree = "<group>"; };
		B49D2A7527FB7C82006C5631 /* SceneDelegate.swift */ = {isa = PBXFileReference; lastKnownFileType = sourcecode.swift; path = SceneDelegate.swift; sourceTree = "<group>"; };
		B49D2A7727FB7C82006C5631 /* ViewController.swift */ = {isa = PBXFileReference; lastKnownFileType = sourcecode.swift; path = ViewController.swift; sourceTree = "<group>"; };
		B49D2A7C27FB7C85006C5631 /* Assets.xcassets */ = {isa = PBXFileReference; lastKnownFileType = folder.assetcatalog; path = Assets.xcassets; sourceTree = "<group>"; };
		B49D2A7F27FB7C85006C5631 /* Base */ = {isa = PBXFileReference; lastKnownFileType = file.storyboard; name = Base; path = Base.lproj/LaunchScreen.storyboard; sourceTree = "<group>"; };
		B49D2A8127FB7C85006C5631 /* Info.plist */ = {isa = PBXFileReference; lastKnownFileType = text.plist.xml; path = Info.plist; sourceTree = "<group>"; };
		B49D2A8827FB8277006C5631 /* Coordinator.swift */ = {isa = PBXFileReference; lastKnownFileType = sourcecode.swift; path = Coordinator.swift; sourceTree = "<group>"; };
		B49D2AA927FB83BA006C5631 /* ListOutput.swift */ = {isa = PBXFileReference; fileEncoding = 4; lastKnownFileType = sourcecode.swift; path = ListOutput.swift; sourceTree = "<group>"; };
		B49D2AAA27FB83BA006C5631 /* ListBuilder.swift */ = {isa = PBXFileReference; fileEncoding = 4; lastKnownFileType = sourcecode.swift; path = ListBuilder.swift; sourceTree = "<group>"; };
		B49D2AAB27FB83BA006C5631 /* ListInteractor.swift */ = {isa = PBXFileReference; fileEncoding = 4; lastKnownFileType = sourcecode.swift; path = ListInteractor.swift; sourceTree = "<group>"; };
		B49D2AAC27FB83BB006C5631 /* ListInteractorProtocol.swift */ = {isa = PBXFileReference; fileEncoding = 4; lastKnownFileType = sourcecode.swift; path = ListInteractorProtocol.swift; sourceTree = "<group>"; };
		B49D2AAD27FB83BB006C5631 /* ListPresenter.swift */ = {isa = PBXFileReference; fileEncoding = 4; lastKnownFileType = sourcecode.swift; path = ListPresenter.swift; sourceTree = "<group>"; };
		B49D2AAE27FB83BB006C5631 /* ListPresenterProtocol.swift */ = {isa = PBXFileReference; fileEncoding = 4; lastKnownFileType = sourcecode.swift; path = ListPresenterProtocol.swift; sourceTree = "<group>"; };
		B49D2AAF27FB83BB006C5631 /* ListDataManagerProtocol.swift */ = {isa = PBXFileReference; fileEncoding = 4; lastKnownFileType = sourcecode.swift; path = ListDataManagerProtocol.swift; sourceTree = "<group>"; };
		B49D2AB027FB83BB006C5631 /* ListDataManager.swift */ = {isa = PBXFileReference; fileEncoding = 4; lastKnownFileType = sourcecode.swift; path = ListDataManager.swift; sourceTree = "<group>"; };
		B49D2AB127FB83BB006C5631 /* ListViewController.swift */ = {isa = PBXFileReference; fileEncoding = 4; lastKnownFileType = sourcecode.swift; path = ListViewController.swift; sourceTree = "<group>"; };
		B49D2AB227FB83BB006C5631 /* ListViewControllerProtocol.swift */ = {isa = PBXFileReference; fileEncoding = 4; lastKnownFileType = sourcecode.swift; path = ListViewControllerProtocol.swift; sourceTree = "<group>"; };
		B49D2ABE27FB843F006C5631 /* Builder.swift */ = {isa = PBXFileReference; lastKnownFileType = sourcecode.swift; path = Builder.swift; sourceTree = "<group>"; };
		B49D2AC127FB846D006C5631 /* MainCoordinator.swift */ = {isa = PBXFileReference; lastKnownFileType = sourcecode.swift; path = MainCoordinator.swift; sourceTree = "<group>"; };
		B49D2AC427FB882C006C5631 /* Destinations.swift */ = {isa = PBXFileReference; lastKnownFileType = sourcecode.swift; path = Destinations.swift; sourceTree = "<group>"; };
		B49D2AC927FB88C2006C5631 /* ListCell.swift */ = {isa = PBXFileReference; lastKnownFileType = sourcecode.swift; path = ListCell.swift; sourceTree = "<group>"; };
		B49D2ACD27FB894A006C5631 /* Endpoint.swift */ = {isa = PBXFileReference; lastKnownFileType = sourcecode.swift; path = Endpoint.swift; sourceTree = "<group>"; };
		B49D2ACF27FB897A006C5631 /* ServiceProxy.swift */ = {isa = PBXFileReference; lastKnownFileType = sourcecode.swift; path = ServiceProxy.swift; sourceTree = "<group>"; };
		B49D2AD127FB8FDC006C5631 /* UIImageViewExtensions.swift */ = {isa = PBXFileReference; lastKnownFileType = sourcecode.swift; path = UIImageViewExtensions.swift; sourceTree = "<group>"; };
		B49D2AD327FC0E49006C5631 /* Loader.swift */ = {isa = PBXFileReference; lastKnownFileType = sourcecode.swift; path = Loader.swift; sourceTree = "<group>"; };
/* End PBXFileReference section */

/* Begin PBXFrameworksBuildPhase section */
		B49D2A6D27FB7C82006C5631 /* Frameworks */ = {
			isa = PBXFrameworksBuildPhase;
			buildActionMask = 2147483647;
			files = (
			);
			runOnlyForDeploymentPostprocessing = 0;
		};
/* End PBXFrameworksBuildPhase section */

/* Begin PBXGroup section */
		B40C6FDE27FCC8F1005D9B61 /* DestinationDetail */ = {
			isa = PBXGroup;
			children = (
				B40C6FF727FCC928005D9B61 /* Builder */,
				B40C6FF627FCC922005D9B61 /* DataManager */,
				B40C6FF527FCC90C005D9B61 /* Interactor */,
				B40C6FF427FCC908005D9B61 /* Presenter */,
				B40C6FF327FCC902005D9B61 /* View */,
			);
			path = DestinationDetail;
			sourceTree = "<group>";
		};
		B40C6FF327FCC902005D9B61 /* View */ = {
			isa = PBXGroup;
			children = (
				B40C6FDF27FCC8F1005D9B61 /* DestinationDetailOutput.swift */,
				B40C6FE327FCC8F1005D9B61 /* DestinationDetailViewController.swift */,
				B40C6FE027FCC8F1005D9B61 /* DestinationDetailViewControllerProtocol.swift */,
			);
			path = View;
			sourceTree = "<group>";
		};
		B40C6FF427FCC908005D9B61 /* Presenter */ = {
			isa = PBXGroup;
			children = (
				B40C6FE627FCC8F1005D9B61 /* DestinationDetailPresenterProtocol.swift */,
				B40C6FE827FCC8F1005D9B61 /* DestinationDetailPresenter.swift */,
			);
			path = Presenter;
			sourceTree = "<group>";
		};
		B40C6FF527FCC90C005D9B61 /* Interactor */ = {
			isa = PBXGroup;
			children = (
				B40C6FE727FCC8F1005D9B61 /* DestinationDetailInteractorProtocol.swift */,
				B40C6FE427FCC8F1005D9B61 /* DestinationDetailInteractor.swift */,
			);
			path = Interactor;
			sourceTree = "<group>";
		};
		B40C6FF627FCC922005D9B61 /* DataManager */ = {
			isa = PBXGroup;
			children = (
				B40C6FE227FCC8F1005D9B61 /* DestinationDetailDataManagerProtocol.swift */,
				B40C6FE527FCC8F1005D9B61 /* DestinationDetailDataManager.swift */,
			);
			path = DataManager;
			sourceTree = "<group>";
		};
		B40C6FF727FCC928005D9B61 /* Builder */ = {
			isa = PBXGroup;
			children = (
				B40C6FE127FCC8F1005D9B61 /* DestinationDetailBuilder.swift */,
			);
			path = Builder;
			sourceTree = "<group>";
		};
		B49D2A6727FB7C82006C5631 = {
			isa = PBXGroup;
			children = (
				B49D2A7227FB7C82006C5631 /* PruebaTecnica */,
				B49D2A7127FB7C82006C5631 /* Products */,
			);
			sourceTree = "<group>";
		};
		B49D2A7127FB7C82006C5631 /* Products */ = {
			isa = PBXGroup;
			children = (
				B49D2A7027FB7C82006C5631 /* PruebaTecnica.app */,
			);
			name = Products;
			sourceTree = "<group>";
		};
		B49D2A7227FB7C82006C5631 /* PruebaTecnica */ = {
			isa = PBXGroup;
			children = (
				B49D2ACB27FB8939006C5631 /* NetWork */,
				B49D2A8727FB824E006C5631 /* Common */,
				B49D2AC327FB880D006C5631 /* Entities */,
				B49D2AC027FB845D006C5631 /* Coordinators */,
				B49D2A8A27FB82B7006C5631 /* Modules */,
				B49D2AC627FB8872006C5631 /* Components */,
				B49D2A7327FB7C82006C5631 /* AppDelegate.swift */,
				B49D2A7527FB7C82006C5631 /* SceneDelegate.swift */,
				B49D2A7727FB7C82006C5631 /* ViewController.swift */,
				B49D2A7C27FB7C85006C5631 /* Assets.xcassets */,
				B49D2A7E27FB7C85006C5631 /* LaunchScreen.storyboard */,
				B49D2A8127FB7C85006C5631 /* Info.plist */,
			);
			path = PruebaTecnica;
			sourceTree = "<group>";
		};
		B49D2A8727FB824E006C5631 /* Common */ = {
			isa = PBXGroup;
			children = (
				B49D2A8827FB8277006C5631 /* Coordinator.swift */,
				B49D2ABE27FB843F006C5631 /* Builder.swift */,
				B49D2AD127FB8FDC006C5631 /* UIImageViewExtensions.swift */,
				B49D2AD327FC0E49006C5631 /* Loader.swift */,
			);
			path = Common;
			sourceTree = "<group>";
		};
		B49D2A8A27FB82B7006C5631 /* Modules */ = {
			isa = PBXGroup;
			children = (
				B40C6FDE27FCC8F1005D9B61 /* DestinationDetail */,
				B49D2A8B27FB82BB006C5631 /* List */,
			);
			path = Modules;
			sourceTree = "<group>";
		};
		B49D2A8B27FB82BB006C5631 /* List */ = {
			isa = PBXGroup;
			children = (
				B49D2ABD27FB83CC006C5631 /* Builder */,
				B49D2A8F27FB82FE006C5631 /* DataManager */,
				B49D2A8E27FB82F8006C5631 /* Interactor */,
				B49D2A8D27FB82F3006C5631 /* Presenter */,
				B49D2A8C27FB82EE006C5631 /* View */,
			);
			path = List;
			sourceTree = "<group>";
		};
		B49D2A8C27FB82EE006C5631 /* View */ = {
			isa = PBXGroup;
			children = (
				B49D2AA927FB83BA006C5631 /* ListOutput.swift */,
				B49D2AB127FB83BB006C5631 /* ListViewController.swift */,
				B49D2AB227FB83BB006C5631 /* ListViewControllerProtocol.swift */,
			);
			path = View;
			sourceTree = "<group>";
		};
		B49D2A8D27FB82F3006C5631 /* Presenter */ = {
			isa = PBXGroup;
			children = (
				B49D2AAE27FB83BB006C5631 /* ListPresenterProtocol.swift */,
				B49D2AAD27FB83BB006C5631 /* ListPresenter.swift */,
			);
			path = Presenter;
			sourceTree = "<group>";
		};
		B49D2A8E27FB82F8006C5631 /* Interactor */ = {
			isa = PBXGroup;
			children = (
				B49D2AAB27FB83BA006C5631 /* ListInteractor.swift */,
				B49D2AAC27FB83BB006C5631 /* ListInteractorProtocol.swift */,
			);
			path = Interactor;
			sourceTree = "<group>";
		};
		B49D2A8F27FB82FE006C5631 /* DataManager */ = {
			isa = PBXGroup;
			children = (
				B49D2AAF27FB83BB006C5631 /* ListDataManagerProtocol.swift */,
				B49D2AB027FB83BB006C5631 /* ListDataManager.swift */,
			);
			path = DataManager;
			sourceTree = "<group>";
		};
		B49D2ABD27FB83CC006C5631 /* Builder */ = {
			isa = PBXGroup;
			children = (
				B49D2AAA27FB83BA006C5631 /* ListBuilder.swift */,
			);
			path = Builder;
			sourceTree = "<group>";
		};
		B49D2AC027FB845D006C5631 /* Coordinators */ = {
			isa = PBXGroup;
			children = (
				B49D2AC127FB846D006C5631 /* MainCoordinator.swift */,
			);
			path = Coordinators;
			sourceTree = "<group>";
		};
		B49D2AC327FB880D006C5631 /* Entities */ = {
			isa = PBXGroup;
			children = (
				B49D2AC427FB882C006C5631 /* Destinations.swift */,
			);
			path = Entities;
			sourceTree = "<group>";
		};
		B49D2AC627FB8872006C5631 /* Components */ = {
			isa = PBXGroup;
			children = (
				B49D2AC727FB8878006C5631 /* CustomUITableViewCell */,
			);
			path = Components;
			sourceTree = "<group>";
		};
		B49D2AC727FB8878006C5631 /* CustomUITableViewCell */ = {
			isa = PBXGroup;
			children = (
				B49D2AC827FB88B3006C5631 /* ListCell */,
			);
			path = CustomUITableViewCell;
			sourceTree = "<group>";
		};
		B49D2AC827FB88B3006C5631 /* ListCell */ = {
			isa = PBXGroup;
			children = (
				B49D2AC927FB88C2006C5631 /* ListCell.swift */,
			);
			path = ListCell;
			sourceTree = "<group>";
		};
		B49D2ACB27FB8939006C5631 /* NetWork */ = {
			isa = PBXGroup;
			children = (
				B49D2ACC27FB893F006C5631 /* Endpoint */,
				B49D2ACF27FB897A006C5631 /* ServiceProxy.swift */,
			);
			path = NetWork;
			sourceTree = "<group>";
		};
		B49D2ACC27FB893F006C5631 /* Endpoint */ = {
			isa = PBXGroup;
			children = (
				B49D2ACD27FB894A006C5631 /* Endpoint.swift */,
			);
			path = Endpoint;
			sourceTree = "<group>";
		};
/* End PBXGroup section */

/* Begin PBXNativeTarget section */
		B49D2A6F27FB7C82006C5631 /* PruebaTecnica */ = {
			isa = PBXNativeTarget;
			buildConfigurationList = B49D2A8427FB7C85006C5631 /* Build configuration list for PBXNativeTarget "PruebaTecnica" */;
			buildPhases = (
				B49D2A6C27FB7C82006C5631 /* Sources */,
				B49D2A6D27FB7C82006C5631 /* Frameworks */,
				B49D2A6E27FB7C82006C5631 /* Resources */,
			);
			buildRules = (
			);
			dependencies = (
			);
			name = PruebaTecnica;
			productName = PruebaTecnica;
			productReference = B49D2A7027FB7C82006C5631 /* PruebaTecnica.app */;
			productType = "com.apple.product-type.application";
		};
/* End PBXNativeTarget section */

/* Begin PBXProject section */
		B49D2A6827FB7C82006C5631 /* Project object */ = {
			isa = PBXProject;
			attributes = {
				BuildIndependentTargetsInParallel = 1;
				LastSwiftUpdateCheck = 1300;
				LastUpgradeCheck = 1300;
				TargetAttributes = {
					B49D2A6F27FB7C82006C5631 = {
						CreatedOnToolsVersion = 13.0;
					};
				};
			};
			buildConfigurationList = B49D2A6B27FB7C82006C5631 /* Build configuration list for PBXProject "PruebaTecnica" */;
			compatibilityVersion = "Xcode 13.0";
			developmentRegion = en;
			hasScannedForEncodings = 0;
			knownRegions = (
				en,
				Base,
			);
			mainGroup = B49D2A6727FB7C82006C5631;
			productRefGroup = B49D2A7127FB7C82006C5631 /* Products */;
			projectDirPath = "";
			projectRoot = "";
			targets = (
				B49D2A6F27FB7C82006C5631 /* PruebaTecnica */,
			);
		};
/* End PBXProject section */

/* Begin PBXResourcesBuildPhase section */
		B49D2A6E27FB7C82006C5631 /* Resources */ = {
			isa = PBXResourcesBuildPhase;
			buildActionMask = 2147483647;
			files = (
				B49D2A8027FB7C85006C5631 /* LaunchScreen.storyboard in Resources */,
				B49D2A7D27FB7C85006C5631 /* Assets.xcassets in Resources */,
			);
			runOnlyForDeploymentPostprocessing = 0;
		};
/* End PBXResourcesBuildPhase section */

/* Begin PBXSourcesBuildPhase section */
		B49D2A6C27FB7C82006C5631 /* Sources */ = {
			isa = PBXSourcesBuildPhase;
			buildActionMask = 2147483647;
			files = (
				B40C6FE927FCC8F1005D9B61 /* DestinationDetailOutput.swift in Sources */,
				B40C6FED27FCC8F1005D9B61 /* DestinationDetailViewController.swift in Sources */,
				B49D2AB927FB83BB006C5631 /* ListDataManagerProtocol.swift in Sources */,
				B49D2ABA27FB83BB006C5631 /* ListDataManager.swift in Sources */,
				B49D2AB627FB83BB006C5631 /* ListInteractorProtocol.swift in Sources */,
				B49D2AB727FB83BB006C5631 /* ListPresenter.swift in Sources */,
				B49D2A8927FB8277006C5631 /* Coordinator.swift in Sources */,
				B40C6FEA27FCC8F1005D9B61 /* DestinationDetailViewControllerProtocol.swift in Sources */,
				B40C6FF027FCC8F1005D9B61 /* DestinationDetailPresenterProtocol.swift in Sources */,
				B49D2AB427FB83BB006C5631 /* ListBuilder.swift in Sources */,
				B49D2AB827FB83BB006C5631 /* ListPresenterProtocol.swift in Sources */,
				B40C6FEF27FCC8F1005D9B61 /* DestinationDetailDataManager.swift in Sources */,
				B40C6FEC27FCC8F1005D9B61 /* DestinationDetailDataManagerProtocol.swift in Sources */,
				B49D2AD227FB8FDC006C5631 /* UIImageViewExtensions.swift in Sources */,
				B49D2AD427FC0E49006C5631 /* Loader.swift in Sources */,
				B49D2A7827FB7C82006C5631 /* ViewController.swift in Sources */,
				B40C6FF227FCC8F1005D9B61 /* DestinationDetailPresenter.swift in Sources */,
				B49D2AD027FB897A006C5631 /* ServiceProxy.swift in Sources */,
				B49D2AB527FB83BB006C5631 /* ListInteractor.swift in Sources */,
				B49D2AC227FB846D006C5631 /* MainCoordinator.swift in Sources */,
				B49D2AC527FB882C006C5631 /* Destinations.swift in Sources */,
				B49D2A7427FB7C82006C5631 /* AppDelegate.swift in Sources */,
				B49D2ACE27FB894A006C5631 /* Endpoint.swift in Sources */,
				B40C6FEE27FCC8F1005D9B61 /* DestinationDetailInteractor.swift in Sources */,
				B49D2ABC27FB83BB006C5631 /* ListViewControllerProtocol.swift in Sources */,
				B49D2A7627FB7C82006C5631 /* SceneDelegate.swift in Sources */,
				B40C6FEB27FCC8F1005D9B61 /* DestinationDetailBuilder.swift in Sources */,
				B49D2ABB27FB83BB006C5631 /* ListViewController.swift in Sources */,
				B49D2ACA27FB88C2006C5631 /* ListCell.swift in Sources */,
				B40C6FF127FCC8F1005D9B61 /* DestinationDetailInteractorProtocol.swift in Sources */,
				B49D2AB327FB83BB006C5631 /* ListOutput.swift in Sources */,
				B49D2ABF27FB843F006C5631 /* Builder.swift in Sources */,
			);
			runOnlyForDeploymentPostprocessing = 0;
		};
/* End PBXSourcesBuildPhase section */

/* Begin PBXVariantGroup section */
		B49D2A7E27FB7C85006C5631 /* LaunchScreen.storyboard */ = {
			isa = PBXVariantGroup;
			children = (
				B49D2A7F27FB7C85006C5631 /* Base */,
			);
			name = LaunchScreen.storyboard;
			sourceTree = "<group>";
		};
/* End PBXVariantGroup section */

/* Begin XCBuildConfiguration section */
		B49D2A8227FB7C85006C5631 /* Debug */ = {
			isa = XCBuildConfiguration;
			buildSettings = {
				ALWAYS_SEARCH_USER_PATHS = NO;
				CLANG_ANALYZER_NONNULL = YES;
				CLANG_ANALYZER_NUMBER_OBJECT_CONVERSION = YES_AGGRESSIVE;
				CLANG_CXX_LANGUAGE_STANDARD = "gnu++17";
				CLANG_CXX_LIBRARY = "libc++";
				CLANG_ENABLE_MODULES = YES;
				CLANG_ENABLE_OBJC_ARC = YES;
				CLANG_ENABLE_OBJC_WEAK = YES;
				CLANG_WARN_BLOCK_CAPTURE_AUTORELEASING = YES;
				CLANG_WARN_BOOL_CONVERSION = YES;
				CLANG_WARN_COMMA = YES;
				CLANG_WARN_CONSTANT_CONVERSION = YES;
				CLANG_WARN_DEPRECATED_OBJC_IMPLEMENTATIONS = YES;
				CLANG_WARN_DIRECT_OBJC_ISA_USAGE = YES_ERROR;
				CLANG_WARN_DOCUMENTATION_COMMENTS = YES;
				CLANG_WARN_EMPTY_BODY = YES;
				CLANG_WARN_ENUM_CONVERSION = YES;
				CLANG_WARN_INFINITE_RECURSION = YES;
				CLANG_WARN_INT_CONVERSION = YES;
				CLANG_WARN_NON_LITERAL_NULL_CONVERSION = YES;
				CLANG_WARN_OBJC_IMPLICIT_RETAIN_SELF = YES;
				CLANG_WARN_OBJC_LITERAL_CONVERSION = YES;
				CLANG_WARN_OBJC_ROOT_CLASS = YES_ERROR;
				CLANG_WARN_QUOTED_INCLUDE_IN_FRAMEWORK_HEADER = YES;
				CLANG_WARN_RANGE_LOOP_ANALYSIS = YES;
				CLANG_WARN_STRICT_PROTOTYPES = YES;
				CLANG_WARN_SUSPICIOUS_MOVE = YES;
				CLANG_WARN_UNGUARDED_AVAILABILITY = YES_AGGRESSIVE;
				CLANG_WARN_UNREACHABLE_CODE = YES;
				CLANG_WARN__DUPLICATE_METHOD_MATCH = YES;
				COPY_PHASE_STRIP = NO;
				DEBUG_INFORMATION_FORMAT = dwarf;
				ENABLE_STRICT_OBJC_MSGSEND = YES;
				ENABLE_TESTABILITY = YES;
				GCC_C_LANGUAGE_STANDARD = gnu11;
				GCC_DYNAMIC_NO_PIC = NO;
				GCC_NO_COMMON_BLOCKS = YES;
				GCC_OPTIMIZATION_LEVEL = 0;
				GCC_PREPROCESSOR_DEFINITIONS = (
					"DEBUG=1",
					"$(inherited)",
				);
				GCC_WARN_64_TO_32_BIT_CONVERSION = YES;
				GCC_WARN_ABOUT_RETURN_TYPE = YES_ERROR;
				GCC_WARN_UNDECLARED_SELECTOR = YES;
				GCC_WARN_UNINITIALIZED_AUTOS = YES_AGGRESSIVE;
				GCC_WARN_UNUSED_FUNCTION = YES;
				GCC_WARN_UNUSED_VARIABLE = YES;
				IPHONEOS_DEPLOYMENT_TARGET = 15.0;
				MTL_ENABLE_DEBUG_INFO = INCLUDE_SOURCE;
				MTL_FAST_MATH = YES;
				ONLY_ACTIVE_ARCH = YES;
				SDKROOT = iphoneos;
				SWIFT_ACTIVE_COMPILATION_CONDITIONS = DEBUG;
				SWIFT_OPTIMIZATION_LEVEL = "-Onone";
			};
			name = Debug;
		};
		B49D2A8327FB7C85006C5631 /* Release */ = {
			isa = XCBuildConfiguration;
			buildSettings = {
				ALWAYS_SEARCH_USER_PATHS = NO;
				CLANG_ANALYZER_NONNULL = YES;
				CLANG_ANALYZER_NUMBER_OBJECT_CONVERSION = YES_AGGRESSIVE;
				CLANG_CXX_LANGUAGE_STANDARD = "gnu++17";
				CLANG_CXX_LIBRARY = "libc++";
				CLANG_ENABLE_MODULES = YES;
				CLANG_ENABLE_OBJC_ARC = YES;
				CLANG_ENABLE_OBJC_WEAK = YES;
				CLANG_WARN_BLOCK_CAPTURE_AUTORELEASING = YES;
				CLANG_WARN_BOOL_CONVERSION = YES;
				CLANG_WARN_COMMA = YES;
				CLANG_WARN_CONSTANT_CONVERSION = YES;
				CLANG_WARN_DEPRECATED_OBJC_IMPLEMENTATIONS = YES;
				CLANG_WARN_DIRECT_OBJC_ISA_USAGE = YES_ERROR;
				CLANG_WARN_DOCUMENTATION_COMMENTS = YES;
				CLANG_WARN_EMPTY_BODY = YES;
				CLANG_WARN_ENUM_CONVERSION = YES;
				CLANG_WARN_INFINITE_RECURSION = YES;
				CLANG_WARN_INT_CONVERSION = YES;
				CLANG_WARN_NON_LITERAL_NULL_CONVERSION = YES;
				CLANG_WARN_OBJC_IMPLICIT_RETAIN_SELF = YES;
				CLANG_WARN_OBJC_LITERAL_CONVERSION = YES;
				CLANG_WARN_OBJC_ROOT_CLASS = YES_ERROR;
				CLANG_WARN_QUOTED_INCLUDE_IN_FRAMEWORK_HEADER = YES;
				CLANG_WARN_RANGE_LOOP_ANALYSIS = YES;
				CLANG_WARN_STRICT_PROTOTYPES = YES;
				CLANG_WARN_SUSPICIOUS_MOVE = YES;
				CLANG_WARN_UNGUARDED_AVAILABILITY = YES_AGGRESSIVE;
				CLANG_WARN_UNREACHABLE_CODE = YES;
				CLANG_WARN__DUPLICATE_METHOD_MATCH = YES;
				COPY_PHASE_STRIP = NO;
				DEBUG_INFORMATION_FORMAT = "dwarf-with-dsym";
				ENABLE_NS_ASSERTIONS = NO;
				ENABLE_STRICT_OBJC_MSGSEND = YES;
				GCC_C_LANGUAGE_STANDARD = gnu11;
				GCC_NO_COMMON_BLOCKS = YES;
				GCC_WARN_64_TO_32_BIT_CONVERSION = YES;
				GCC_WARN_ABOUT_RETURN_TYPE = YES_ERROR;
				GCC_WARN_UNDECLARED_SELECTOR = YES;
				GCC_WARN_UNINITIALIZED_AUTOS = YES_AGGRESSIVE;
				GCC_WARN_UNUSED_FUNCTION = YES;
				GCC_WARN_UNUSED_VARIABLE = YES;
				IPHONEOS_DEPLOYMENT_TARGET = 15.0;
				MTL_ENABLE_DEBUG_INFO = NO;
				MTL_FAST_MATH = YES;
				SDKROOT = iphoneos;
				SWIFT_COMPILATION_MODE = wholemodule;
				SWIFT_OPTIMIZATION_LEVEL = "-O";
				VALIDATE_PRODUCT = YES;
			};
			name = Release;
		};
		B49D2A8527FB7C85006C5631 /* Debug */ = {
			isa = XCBuildConfiguration;
			buildSettings = {
				ASSETCATALOG_COMPILER_APPICON_NAME = AppIcon;
				ASSETCATALOG_COMPILER_GLOBAL_ACCENT_COLOR_NAME = AccentColor;
				CODE_SIGN_STYLE = Automatic;
				CURRENT_PROJECT_VERSION = 1;
				DEVELOPMENT_TEAM = 8DURMPUBZ2;
				GENERATE_INFOPLIST_FILE = YES;
				INFOPLIST_FILE = PruebaTecnica/Info.plist;
				INFOPLIST_KEY_UIApplicationSupportsIndirectInputEvents = YES;
				INFOPLIST_KEY_UILaunchStoryboardName = LaunchScreen;
				INFOPLIST_KEY_UISupportedInterfaceOrientations_iPad = "UIInterfaceOrientationPortrait UIInterfaceOrientationPortraitUpsideDown UIInterfaceOrientationLandscapeLeft UIInterfaceOrientationLandscapeRight";
				INFOPLIST_KEY_UISupportedInterfaceOrientations_iPhone = "UIInterfaceOrientationPortrait UIInterfaceOrientationLandscapeLeft UIInterfaceOrientationLandscapeRight";
				LD_RUNPATH_SEARCH_PATHS = (
					"$(inherited)",
					"@executable_path/Frameworks",
				);
				MARKETING_VERSION = 1.0;
				PRODUCT_BUNDLE_IDENTIFIER = com.apostolTavernes.alex.PruebaTecnica;
				PRODUCT_NAME = "$(TARGET_NAME)";
				SWIFT_EMIT_LOC_STRINGS = YES;
				SWIFT_VERSION = 5.0;
				TARGETED_DEVICE_FAMILY = "1,2";
			};
			name = Debug;
		};
		B49D2A8627FB7C85006C5631 /* Release */ = {
			isa = XCBuildConfiguration;
			buildSettings = {
				ASSETCATALOG_COMPILER_APPICON_NAME = AppIcon;
				ASSETCATALOG_COMPILER_GLOBAL_ACCENT_COLOR_NAME = AccentColor;
				CODE_SIGN_STYLE = Automatic;
				CURRENT_PROJECT_VERSION = 1;
				DEVELOPMENT_TEAM = 8DURMPUBZ2;
				GENERATE_INFOPLIST_FILE = YES;
				INFOPLIST_FILE = PruebaTecnica/Info.plist;
				INFOPLIST_KEY_UIApplicationSupportsIndirectInputEvents = YES;
				INFOPLIST_KEY_UILaunchStoryboardName = LaunchScreen;
				INFOPLIST_KEY_UISupportedInterfaceOrientations_iPad = "UIInterfaceOrientationPortrait UIInterfaceOrientationPortraitUpsideDown UIInterfaceOrientationLandscapeLeft UIInterfaceOrientationLandscapeRight";
				INFOPLIST_KEY_UISupportedInterfaceOrientations_iPhone = "UIInterfaceOrientationPortrait UIInterfaceOrientationLandscapeLeft UIInterfaceOrientationLandscapeRight";
				LD_RUNPATH_SEARCH_PATHS = (
					"$(inherited)",
					"@executable_path/Frameworks",
				);
				MARKETING_VERSION = 1.0;
				PRODUCT_BUNDLE_IDENTIFIER = com.apostolTavernes.alex.PruebaTecnica;
				PRODUCT_NAME = "$(TARGET_NAME)";
				SWIFT_EMIT_LOC_STRINGS = YES;
				SWIFT_VERSION = 5.0;
				TARGETED_DEVICE_FAMILY = "1,2";
			};
			name = Release;
		};
/* End XCBuildConfiguration section */

/* Begin XCConfigurationList section */
		B49D2A6B27FB7C82006C5631 /* Build configuration list for PBXProject "PruebaTecnica" */ = {
			isa = XCConfigurationList;
			buildConfigurations = (
				B49D2A8227FB7C85006C5631 /* Debug */,
				B49D2A8327FB7C85006C5631 /* Release */,
			);
			defaultConfigurationIsVisible = 0;
			defaultConfigurationName = Release;
		};
		B49D2A8427FB7C85006C5631 /* Build configuration list for PBXNativeTarget "PruebaTecnica" */ = {
			isa = XCConfigurationList;
			buildConfigurations = (
				B49D2A8527FB7C85006C5631 /* Debug */,
				B49D2A8627FB7C85006C5631 /* Release */,
			);
			defaultConfigurationIsVisible = 0;
			defaultConfigurationName = Release;
		};
/* End XCConfigurationList section */
	};
	rootObject = B49D2A6827FB7C82006C5631 /* Project object */;
}
